
Microsoft Visual Studio Solution File, Format Version 12.00
# Visual Studio Version 16
VisualStudioVersion = 16.0.31205.134
MinimumVisualStudioVersion = 10.0.40219.1
Project("{9A19103F-16F7-4668-BE54-9A1E7A4F7556}") = "DP1_Sudoku", "DP1_Sudoku\DP1_Sudoku.csproj", "{43BE3FCF-A3F3-466C-AD4E-F014464F3ED2}"
EndProject
Project("{9A19103F-16F7-4668-BE54-9A1E7A4F7556}") = "DP1_Sudoku.BusinessLogic", "DP1_Sudoku.BusinessLogic\DP1_Sudoku.BusinessLogic.csproj", "{5EC78EED-E26B-47C5-8686-D486B6AA8BFE}"
EndProject
Project("{FAE04EC0-301F-11D3-BF4B-00C04F79EFBC}") = "DP1_Sudoku.Tests", "DP1_Sudoku.Tests\DP1_Sudoku.Tests.csproj", "{EBB6F55D-CD07-4AA0-BF05-067EEA8F5C4F}"
EndProject
Global
	GlobalSection(SolutionConfigurationPlatforms) = preSolution
		Debug|Any CPU = Debug|Any CPU
		Release|Any CPU = Release|Any CPU
	EndGlobalSection
	GlobalSection(ProjectConfigurationPlatforms) = postSolution
		{43BE3FCF-A3F3-466C-AD4E-F014464F3ED2}.Debug|Any CPU.ActiveCfg = Debug|Any CPU
		{43BE3FCF-A3F3-466C-AD4E-F014464F3ED2}.Debug|Any CPU.Build.0 = Debug|Any CPU
		{43BE3FCF-A3F3-466C-AD4E-F014464F3ED2}.Release|Any CPU.ActiveCfg = Release|Any CPU
		{43BE3FCF-A3F3-466C-AD4E-F014464F3ED2}.Release|Any CPU.Build.0 = Release|Any CPU
		{5EC78EED-E26B-47C5-8686-D486B6AA8BFE}.Debug|Any CPU.ActiveCfg = Debug|Any CPU
		{5EC78EED-E26B-47C5-8686-D486B6AA8BFE}.Debug|Any CPU.Build.0 = Debug|Any CPU
		{5EC78EED-E26B-47C5-8686-D486B6AA8BFE}.Release|Any CPU.ActiveCfg = Release|Any CPU
		{5EC78EED-E26B-47C5-8686-D486B6AA8BFE}.Release|Any CPU.Build.0 = Release|Any CPU
		{EBB6F55D-CD07-4AA0-BF05-067EEA8F5C4F}.Debug|Any CPU.ActiveCfg = Debug|Any CPU
		{EBB6F55D-CD07-4AA0-BF05-067EEA8F5C4F}.Debug|Any CPU.Build.0 = Debug|Any CPU
		{EBB6F55D-CD07-4AA0-BF05-067EEA8F5C4F}.Release|Any CPU.ActiveCfg = Release|Any CPU
		{EBB6F55D-CD07-4AA0-BF05-067EEA8F5C4F}.Release|Any CPU.Build.0 = Release|Any CPU
	EndGlobalSection
	GlobalSection(SolutionProperties) = preSolution
		HideSolutionNode = FALSE
	EndGlobalSection
	GlobalSection(ExtensibilityGlobals) = postSolution
		SolutionGuid = {4EC60BA2-BA6A-4AD0-B8F4-A0F04D9510A8}
	EndGlobalSection
EndGlobal
